
Microsoft Visual Studio Solution File, Format Version 12.00
# Visual Studio Version 17
VisualStudioVersion = 17.4.33213.308
MinimumVisualStudioVersion = 10.0.40219.1
Project("{FAE04EC0-301F-11D3-BF4B-00C04F79EFBC}") = "MediaCredibilityAPI", "MediaCredibilityAPI.csproj", "{104FD8BF-8544-4C47-95DF-E7CFD9FA606C}"
EndProject
Global
	GlobalSection(SolutionConfigurationPlatforms) = preSolution
		Debug|Any CPU = Debug|Any CPU
		Release|Any CPU = Release|Any CPU
	EndGlobalSection
	GlobalSection(ProjectConfigurationPlatforms) = postSolution
		{104FD8BF-8544-4C47-95DF-E7CFD9FA606C}.Debug|Any CPU.ActiveCfg = Debug|Any CPU
		{104FD8BF-8544-4C47-95DF-E7CFD9FA606C}.Debug|Any CPU.Build.0 = Debug|Any CPU
		{104FD8BF-8544-4C47-95DF-E7CFD9FA606C}.Release|Any CPU.ActiveCfg = Release|Any CPU
		{104FD8BF-8544-4C47-95DF-E7CFD9FA606C}.Release|Any CPU.Build.0 = Release|Any CPU
	EndGlobalSection
	GlobalSection(SolutionProperties) = preSolution
		HideSolutionNode = FALSE
	EndGlobalSection
	GlobalSection(ExtensibilityGlobals) = postSolution
		SolutionGuid = {2588DED3-2506-452D-B01A-AA78C368C12E}
	EndGlobalSection
EndGlobal
